{
  "version": 4,
  "terraform_version": "1.11.3",
  "serial": 136,
  "lineage": "c6d41821-2c2d-1e35-7cbd-736fd9c8f2cf",
  "outputs": {},
  "resources": [
    {
      "mode": "managed",
      "type": "nxos_dme",
      "name": "l3Inst-vpc",
      "provider": "provider[\"registry.terraform.io/ciscodevnet/nxos\"]",
      "instances": [
        {
          "index_key": "twe-sat01",
          "schema_version": 0,
          "attributes": {
            "children": null,
            "class_name": "l3Inst",
            "content": {
              "descr": "VRF for vpc",
              "name": "vpc"
            },
            "delete": true,
            "device": "twe-sat01",
            "dn": "sys/inst-[vpc]",
            "id": "sys/inst-[vpc]"
          },
          "sensitive_attributes": [],
          "private": "eyJpbXBvcnRpbmciOiJNQT09In0="
        },
        {
          "index_key": "twe-sat02",
          "schema_version": 0,
          "attributes": {
            "children": null,
            "class_name": "l3Inst",
            "content": {
              "descr": "VRF for vpc",
              "name": "vpc"
            },
            "delete": true,
            "device": "twe-sat02",
            "dn": "sys/inst-[vpc]",
            "id": "sys/inst-[vpc]"
          },
          "sensitive_attributes": [],
          "private": "eyJpbXBvcnRpbmciOiJNQT09In0="
        }
      ]
    },
    {
      "mode": "managed",
      "type": "nxos_dme",
      "name": "l3Inst-xx01",
      "provider": "provider[\"registry.terraform.io/ciscodevnet/nxos\"]",
      "instances": [
        {
          "index_key": "twe-sat01",
          "schema_version": 0,
          "attributes": {
            "children": null,
            "class_name": "l3Inst",
            "content": {
              "descr": "VRF for xx01-xx-core",
              "name": "xx01-xx-core"
            },
            "delete": true,
            "device": "twe-sat01",
            "dn": "sys/inst-[xx01-xx-core]",
            "id": "sys/inst-[xx01-xx-core]"
          },
          "sensitive_attributes": [],
          "private": "eyJpbXBvcnRpbmciOiJNQT09In0="
        },
        {
          "index_key": "twe-sat02",
          "schema_version": 0,
          "attributes": {
            "children": null,
            "class_name": "l3Inst",
            "content": {
              "descr": "VRF for xx01-xx-core",
              "name": "xx01-xx-core"
            },
            "delete": true,
            "device": "twe-sat02",
            "dn": "sys/inst-[xx01-xx-core]",
            "id": "sys/inst-[xx01-xx-core]"
          },
          "sensitive_attributes": [],
          "private": "eyJpbXBvcnRpbmciOiJNQT09In0="
        }
      ]
    },
    {
      "mode": "managed",
      "type": "nxos_dme",
      "name": "l3Inst-xx02",
      "provider": "provider[\"registry.terraform.io/ciscodevnet/nxos\"]",
      "instances": [
        {
          "index_key": "twe-sat01",
          "schema_version": 0,
          "attributes": {
            "children": null,
            "class_name": "l3Inst",
            "content": {
              "descr": "VRF for xx02-xx-core",
              "name": "xx02-xx-core"
            },
            "delete": true,
            "device": "twe-sat01",
            "dn": "sys/inst-[xx02-xx-core]",
            "id": "sys/inst-[xx02-xx-core]"
          },
          "sensitive_attributes": [],
          "private": "eyJpbXBvcnRpbmciOiJNQT09In0="
        },
        {
          "index_key": "twe-sat02",
          "schema_version": 0,
          "attributes": {
            "children": null,
            "class_name": "l3Inst",
            "content": {
              "descr": "VRF for xx02-xx-core",
              "name": "xx02-xx-core"
            },
            "delete": true,
            "device": "twe-sat02",
            "dn": "sys/inst-[xx02-xx-core]",
            "id": "sys/inst-[xx02-xx-core]"
          },
          "sensitive_attributes": [],
          "private": "eyJpbXBvcnRpbmciOiJNQT09In0="
        }
      ]
    },
    {
      "mode": "managed",
      "type": "nxos_dme",
      "name": "l3Inst-xx03",
      "provider": "provider[\"registry.terraform.io/ciscodevnet/nxos\"]",
      "instances": [
        {
          "index_key": "twe-sat01",
          "schema_version": 0,
          "attributes": {
            "children": null,
            "class_name": "l3Inst",
            "content": {
              "descr": "VRF for xx03-xx-core",
              "name": "xx03-xx-core"
            },
            "delete": true,
            "device": "twe-sat01",
            "dn": "sys/inst-[xx03-xx-core]",
            "id": "sys/inst-[xx03-xx-core]"
          },
          "sensitive_attributes": [],
          "private": "eyJpbXBvcnRpbmciOiJNQT09In0="
        },
        {
          "index_key": "twe-sat02",
          "schema_version": 0,
          "attributes": {
            "children": null,
            "class_name": "l3Inst",
            "content": {
              "descr": "VRF for xx03-xx-core",
              "name": "xx03-xx-core"
            },
            "delete": true,
            "device": "twe-sat02",
            "dn": "sys/inst-[xx03-xx-core]",
            "id": "sys/inst-[xx03-xx-core]"
          },
          "sensitive_attributes": [],
          "private": "eyJpbXBvcnRpbmciOiJNQT09In0="
        }
      ]
    },
    {
      "mode": "managed",
      "type": "nxos_dme",
      "name": "l3Inst-xx06",
      "provider": "provider[\"registry.terraform.io/ciscodevnet/nxos\"]",
      "instances": [
        {
          "index_key": "twe-sat01",
          "schema_version": 0,
          "attributes": {
            "children": null,
            "class_name": "l3Inst",
            "content": {
              "descr": "VRF for xx06-xx-core",
              "name": "xx06-xx-core"
            },
            "delete": true,
            "device": "twe-sat01",
            "dn": "sys/inst-[xx06-xx-core]",
            "id": "sys/inst-[xx06-xx-core]"
          },
          "sensitive_attributes": [],
          "private": "eyJpbXBvcnRpbmciOiJNQT09In0="
        },
        {
          "index_key": "twe-sat02",
          "schema_version": 0,
          "attributes": {
            "children": null,
            "class_name": "l3Inst",
            "content": {
              "descr": "VRF for xx06-xx-core",
              "name": "xx06-xx-core"
            },
            "delete": true,
            "device": "twe-sat02",
            "dn": "sys/inst-[xx06-xx-core]",
            "id": "sys/inst-[xx06-xx-core]"
          },
          "sensitive_attributes": [],
          "private": "eyJpbXBvcnRpbmciOiJNQT09In0="
        }
      ]
    },
    {
      "mode": "managed",
      "type": "nxos_feature",
      "name": "example",
      "provider": "provider[\"registry.terraform.io/ciscodevnet/nxos\"]",
      "instances": [
        {
          "index_key": "twe-sat01.bfd",
          "schema_version": 0,
          "attributes": {
            "bash_shell": null,
            "bfd": "enabled",
            "bgp": "enabled",
            "device": "twe-sat01",
            "dhcp": null,
            "evpn": null,
            "hmm": null,
            "hsrp": null,
            "id": "sys/fm",
            "interface_vlan": "enabled",
            "isis": null,
            "lacp": "enabled",
            "lldp": null,
            "macsec": null,
            "netflow": null,
            "ngmvpn": null,
            "ngoam": null,
            "nv_overlay": null,
            "ospf": null,
            "ospfv3": null,
            "pim": null,
            "ptp": null,
            "pvlan": null,
            "sflow": null,
            "ssh": null,
            "tacacs": null,
            "telnet": null,
            "udld": null,
            "vn_segment": null,
            "vpc": "enabled"
          },
          "sensitive_attributes": [],
          "private": "eyJpbXBvcnRpbmciOiJNQT09In0="
        },
        {
          "index_key": "twe-sat01.bgp",
          "schema_version": 0,
          "attributes": {
            "bash_shell": null,
            "bfd": "enabled",
            "bgp": "enabled",
            "device": "twe-sat01",
            "dhcp": null,
            "evpn": null,
            "hmm": null,
            "hsrp": null,
            "id": "sys/fm",
            "interface_vlan": "enabled",
            "isis": null,
            "lacp": "enabled",
            "lldp": null,
            "macsec": null,
            "netflow": null,
            "ngmvpn": null,
            "ngoam": null,
            "nv_overlay": null,
            "ospf": null,
            "ospfv3": null,
            "pim": null,
            "ptp": null,
            "pvlan": null,
            "sflow": null,
            "ssh": null,
            "tacacs": null,
            "telnet": null,
            "udld": null,
            "vn_segment": null,
            "vpc": "enabled"
          },
          "sensitive_attributes": [],
          "private": "eyJpbXBvcnRpbmciOiJNQT09In0="
        },
        {
          "index_key": "twe-sat01.interface_vlan",
          "schema_version": 0,
          "attributes": {
            "bash_shell": null,
            "bfd": "enabled",
            "bgp": "enabled",
            "device": "twe-sat01",
            "dhcp": null,
            "evpn": null,
            "hmm": null,
            "hsrp": null,
            "id": "sys/fm",
            "interface_vlan": "enabled",
            "isis": null,
            "lacp": "enabled",
            "lldp": null,
            "macsec": null,
            "netflow": null,
            "ngmvpn": null,
            "ngoam": null,
            "nv_overlay": null,
            "ospf": null,
            "ospfv3": null,
            "pim": null,
            "ptp": null,
            "pvlan": null,
            "sflow": null,
            "ssh": null,
            "tacacs": null,
            "telnet": null,
            "udld": null,
            "vn_segment": null,
            "vpc": "enabled"
          },
          "sensitive_attributes": [],
          "private": "eyJpbXBvcnRpbmciOiJNQT09In0="
        },
        {
          "index_key": "twe-sat01.lacp",
          "schema_version": 0,
          "attributes": {
            "bash_shell": null,
            "bfd": "enabled",
            "bgp": "enabled",
            "device": "twe-sat01",
            "dhcp": null,
            "evpn": null,
            "hmm": null,
            "hsrp": null,
            "id": "sys/fm",
            "interface_vlan": "enabled",
            "isis": null,
            "lacp": "enabled",
            "lldp": null,
            "macsec": null,
            "netflow": null,
            "ngmvpn": null,
            "ngoam": null,
            "nv_overlay": null,
            "ospf": null,
            "ospfv3": null,
            "pim": null,
            "ptp": null,
            "pvlan": null,
            "sflow": null,
            "ssh": null,
            "tacacs": null,
            "telnet": null,
            "udld": null,
            "vn_segment": null,
            "vpc": "enabled"
          },
          "sensitive_attributes": [],
          "private": "eyJpbXBvcnRpbmciOiJNQT09In0="
        },
        {
          "index_key": "twe-sat01.vpc",
          "schema_version": 0,
          "attributes": {
            "bash_shell": null,
            "bfd": "enabled",
            "bgp": "enabled",
            "device": "twe-sat01",
            "dhcp": null,
            "evpn": null,
            "hmm": null,
            "hsrp": null,
            "id": "sys/fm",
            "interface_vlan": "enabled",
            "isis": null,
            "lacp": "enabled",
            "lldp": null,
            "macsec": null,
            "netflow": null,
            "ngmvpn": null,
            "ngoam": null,
            "nv_overlay": null,
            "ospf": null,
            "ospfv3": null,
            "pim": null,
            "ptp": null,
            "pvlan": null,
            "sflow": null,
            "ssh": null,
            "tacacs": null,
            "telnet": null,
            "udld": null,
            "vn_segment": null,
            "vpc": "enabled"
          },
          "sensitive_attributes": [],
          "private": "eyJpbXBvcnRpbmciOiJNQT09In0="
        },
        {
          "index_key": "twe-sat02.bfd",
          "schema_version": 0,
          "attributes": {
            "bash_shell": null,
            "bfd": "enabled",
            "bgp": "enabled",
            "device": "twe-sat02",
            "dhcp": null,
            "evpn": null,
            "hmm": null,
            "hsrp": null,
            "id": "sys/fm",
            "interface_vlan": "enabled",
            "isis": null,
            "lacp": "enabled",
            "lldp": null,
            "macsec": null,
            "netflow": null,
            "ngmvpn": null,
            "ngoam": null,
            "nv_overlay": null,
            "ospf": null,
            "ospfv3": null,
            "pim": null,
            "ptp": null,
            "pvlan": null,
            "sflow": null,
            "ssh": null,
            "tacacs": null,
            "telnet": null,
            "udld": null,
            "vn_segment": null,
            "vpc": "enabled"
          },
          "sensitive_attributes": [],
          "private": "eyJpbXBvcnRpbmciOiJNQT09In0="
        },
        {
          "index_key": "twe-sat02.bgp",
          "schema_version": 0,
          "attributes": {
            "bash_shell": null,
            "bfd": "enabled",
            "bgp": "enabled",
            "device": "twe-sat02",
            "dhcp": null,
            "evpn": null,
            "hmm": null,
            "hsrp": null,
            "id": "sys/fm",
            "interface_vlan": "enabled",
            "isis": null,
            "lacp": "enabled",
            "lldp": null,
            "macsec": null,
            "netflow": null,
            "ngmvpn": null,
            "ngoam": null,
            "nv_overlay": null,
            "ospf": null,
            "ospfv3": null,
            "pim": null,
            "ptp": null,
            "pvlan": null,
            "sflow": null,
            "ssh": null,
            "tacacs": null,
            "telnet": null,
            "udld": null,
            "vn_segment": null,
            "vpc": "enabled"
          },
          "sensitive_attributes": [],
          "private": "eyJpbXBvcnRpbmciOiJNQT09In0="
        },
        {
          "index_key": "twe-sat02.interface_vlan",
          "schema_version": 0,
          "attributes": {
            "bash_shell": null,
            "bfd": "enabled",
            "bgp": "enabled",
            "device": "twe-sat02",
            "dhcp": null,
            "evpn": null,
            "hmm": null,
            "hsrp": null,
            "id": "sys/fm",
            "interface_vlan": "enabled",
            "isis": null,
            "lacp": "enabled",
            "lldp": null,
            "macsec": null,
            "netflow": null,
            "ngmvpn": null,
            "ngoam": null,
            "nv_overlay": null,
            "ospf": null,
            "ospfv3": null,
            "pim": null,
            "ptp": null,
            "pvlan": null,
            "sflow": null,
            "ssh": null,
            "tacacs": null,
            "telnet": null,
            "udld": null,
            "vn_segment": null,
            "vpc": "enabled"
          },
          "sensitive_attributes": [],
          "private": "eyJpbXBvcnRpbmciOiJNQT09In0="
        },
        {
          "index_key": "twe-sat02.lacp",
          "schema_version": 0,
          "attributes": {
            "bash_shell": null,
            "bfd": "enabled",
            "bgp": "enabled",
            "device": "twe-sat02",
            "dhcp": null,
            "evpn": null,
            "hmm": null,
            "hsrp": null,
            "id": "sys/fm",
            "interface_vlan": "enabled",
            "isis": null,
            "lacp": "enabled",
            "lldp": null,
            "macsec": null,
            "netflow": null,
            "ngmvpn": null,
            "ngoam": null,
            "nv_overlay": null,
            "ospf": null,
            "ospfv3": null,
            "pim": null,
            "ptp": null,
            "pvlan": null,
            "sflow": null,
            "ssh": null,
            "tacacs": null,
            "telnet": null,
            "udld": null,
            "vn_segment": null,
            "vpc": "enabled"
          },
          "sensitive_attributes": [],
          "private": "eyJpbXBvcnRpbmciOiJNQT09In0="
        },
        {
          "index_key": "twe-sat02.vpc",
          "schema_version": 0,
          "attributes": {
            "bash_shell": null,
            "bfd": "enabled",
            "bgp": "enabled",
            "device": "twe-sat02",
            "dhcp": null,
            "evpn": null,
            "hmm": null,
            "hsrp": null,
            "id": "sys/fm",
            "interface_vlan": "enabled",
            "isis": null,
            "lacp": "enabled",
            "lldp": null,
            "macsec": null,
            "netflow": null,
            "ngmvpn": null,
            "ngoam": null,
            "nv_overlay": null,
            "ospf": null,
            "ospfv3": null,
            "pim": null,
            "ptp": null,
            "pvlan": null,
            "sflow": null,
            "ssh": null,
            "tacacs": null,
            "telnet": null,
            "udld": null,
            "vn_segment": null,
            "vpc": "enabled"
          },
          "sensitive_attributes": [],
          "private": "eyJpbXBvcnRpbmciOiJNQT09In0="
        }
      ]
    },
    {
      "mode": "managed",
      "type": "nxos_save_config",
      "name": "save-config",
      "provider": "provider[\"registry.terraform.io/ciscodevnet/nxos\"]",
      "instances": [
        {
          "index_key": "twe-sat01",
          "schema_version": 0,
          "attributes": {
            "device": "twe-sat01",
            "save": true
          },
          "sensitive_attributes": []
        },
        {
          "index_key": "twe-sat02",
          "schema_version": 0,
          "attributes": {
            "device": "twe-sat02",
            "save": true
          },
          "sensitive_attributes": []
        }
      ]
    },
    {
      "mode": "managed",
      "type": "nxos_system",
      "name": "hostname",
      "provider": "provider[\"registry.terraform.io/ciscodevnet/nxos\"]",
      "instances": [
        {
          "index_key": "twe-sat01",
          "schema_version": 0,
          "attributes": {
            "arp_admin_state": null,
            "arp_allow_static_arp_outside_subnet": null,
            "arp_cache_limit": null,
            "arp_cache_syslog_rate": null,
            "arp_control": null,
            "arp_evpn_timeout": null,
            "arp_instance_admin_state": null,
            "arp_interface_cache_limit": null,
            "arp_ip_adjacency_route_distance": null,
            "arp_ip_arp_cos": null,
            "arp_off_list_timeout": null,
            "arp_rarp_fabric_forwarding": null,
            "arp_rarp_fabric_forwarding_rate": null,
            "arp_resolve_outside_subnet": null,
            "arp_suppression_timeout": null,
            "arp_timeout": null,
            "arp_unnumbered_svi_software_replication": null,
            "arp_vpc_domains": null,
            "device": "twe-sat01",
            "ethernet_admin_link_down_syslog_level": null,
            "ethernet_admin_link_up_syslog_level": null,
            "ethernet_admin_state": null,
            "ethernet_allow_unsupported_sfp": null,
            "ethernet_chassis_infrastructure_adaptor_vlan": null,
            "ethernet_chassis_infrastructure_epds_port_number": null,
            "ethernet_chassis_infrastructure_ipv6_address": null,
            "ethernet_chassis_infrastructure_vlan": null,
            "ethernet_chassis_management_instance": null,
            "ethernet_chassis_management_instance_fabric_number": null,
            "ethernet_control": null,
            "ethernet_default_admin_state": null,
            "ethernet_default_layer": null,
            "ethernet_interface_syslog_info": null,
            "ethernet_log_event": null,
            "ethernet_mtu": null,
            "ethernet_system_interface_admin_state": null,
            "ethernet_system_link_failure_laser_on": null,
            "ethernet_system_storm_control_multi_threshold": null,
            "ethernet_vlan_tag_native": null,
            "id": "sys",
            "name": "twe-sat01",
            "nd_accept_solicit_neighbor_entry": null,
            "nd_admin_state": null,
            "nd_aging_interval": null,
            "nd_cache_limit": null,
            "nd_cache_syslog_rate": null,
            "nd_control": null,
            "nd_instance_admin_state": null,
            "nd_ipv6_adjacency_route_distance": null,
            "nd_off_list_timeout": null,
            "nd_probe_interval_for_solicit_neighbor": null,
            "nd_solicit_neighbor_advertisement": null,
            "nd_vrfs": null
          },
          "sensitive_attributes": [],
          "private": "eyJpbXBvcnRpbmciOiJNQT09In0="
        },
        {
          "index_key": "twe-sat02",
          "schema_version": 0,
          "attributes": {
            "arp_admin_state": null,
            "arp_allow_static_arp_outside_subnet": null,
            "arp_cache_limit": null,
            "arp_cache_syslog_rate": null,
            "arp_control": null,
            "arp_evpn_timeout": null,
            "arp_instance_admin_state": null,
            "arp_interface_cache_limit": null,
            "arp_ip_adjacency_route_distance": null,
            "arp_ip_arp_cos": null,
            "arp_off_list_timeout": null,
            "arp_rarp_fabric_forwarding": null,
            "arp_rarp_fabric_forwarding_rate": null,
            "arp_resolve_outside_subnet": null,
            "arp_suppression_timeout": null,
            "arp_timeout": null,
            "arp_unnumbered_svi_software_replication": null,
            "arp_vpc_domains": null,
            "device": "twe-sat02",
            "ethernet_admin_link_down_syslog_level": null,
            "ethernet_admin_link_up_syslog_level": null,
            "ethernet_admin_state": null,
            "ethernet_allow_unsupported_sfp": null,
            "ethernet_chassis_infrastructure_adaptor_vlan": null,
            "ethernet_chassis_infrastructure_epds_port_number": null,
            "ethernet_chassis_infrastructure_ipv6_address": null,
            "ethernet_chassis_infrastructure_vlan": null,
            "ethernet_chassis_management_instance": null,
            "ethernet_chassis_management_instance_fabric_number": null,
            "ethernet_control": null,
            "ethernet_default_admin_state": null,
            "ethernet_default_layer": null,
            "ethernet_interface_syslog_info": null,
            "ethernet_log_event": null,
            "ethernet_mtu": null,
            "ethernet_system_interface_admin_state": null,
            "ethernet_system_link_failure_laser_on": null,
            "ethernet_system_storm_control_multi_threshold": null,
            "ethernet_vlan_tag_native": null,
            "id": "sys",
            "name": "twe-sat02",
            "nd_accept_solicit_neighbor_entry": null,
            "nd_admin_state": null,
            "nd_aging_interval": null,
            "nd_cache_limit": null,
            "nd_cache_syslog_rate": null,
            "nd_control": null,
            "nd_instance_admin_state": null,
            "nd_ipv6_adjacency_route_distance": null,
            "nd_off_list_timeout": null,
            "nd_probe_interval_for_solicit_neighbor": null,
            "nd_solicit_neighbor_advertisement": null,
            "nd_vrfs": null
          },
          "sensitive_attributes": [],
          "private": "eyJpbXBvcnRpbmciOiJNQT09In0="
        }
      ]
    },
    {
      "module": "module.config-VPC",
      "mode": "managed",
      "type": "nxos_dme",
      "name": "Configure-vpc-dom-arp",
      "provider": "module.config-VPC.provider[\"registry.terraform.io/ciscodevnet/nxos\"]",
      "instances": [
        {
          "index_key": "twe-sat01",
          "schema_version": 0,
          "attributes": {
            "children": null,
            "class_name": "arpVpcDom",
            "content": {
              "arpSync": "enabled",
              "domainId": "101",
              "status": "created,modified"
            },
            "delete": true,
            "device": "twe-sat01",
            "dn": "sys/arp/inst/vpc/dom-[101]",
            "id": "sys/arp/inst/vpc/dom-[101]"
          },
          "sensitive_attributes": [],
          "private": "eyJpbXBvcnRpbmciOiJNQT09In0="
        },
        {
          "index_key": "twe-sat02",
          "schema_version": 0,
          "attributes": {
            "children": null,
            "class_name": "arpVpcDom",
            "content": {
              "arpSync": "enabled",
              "domainId": "101",
              "status": "created,modified"
            },
            "delete": true,
            "device": "twe-sat02",
            "dn": "sys/arp/inst/vpc/dom-[101]",
            "id": "sys/arp/inst/vpc/dom-[101]"
          },
          "sensitive_attributes": [],
          "private": "eyJpbXBvcnRpbmciOiJNQT09In0="
        }
      ]
    },
    {
      "module": "module.config-VPC",
      "mode": "managed",
      "type": "nxos_vpc",
      "name": "vpc-sat01",
      "provider": "module.config-VPC.provider[\"registry.terraform.io/ciscodevnet/nxos\"].twe-sat01",
      "instances": [
        {
          "schema_version": 0,
          "attributes": {
            "admin_state": "enabled",
            "auto_recovery": "enabled",
            "auto_recovery_interval": 60,
            "control": null,
            "delay_peer_link_bringup": null,
            "delay_restore_orphan_port": null,
            "delay_restore_svi": null,
            "delay_restore_vpc": null,
            "device": null,
            "domain_admin_state": null,
            "domain_id": 101,
            "dscp": null,
            "exclude_svi": null,
            "fast_convergence": null,
            "graceful_consistency_check": null,
            "id": "sys/vpc",
            "instance_admin_state": null,
            "interfaces": null,
            "keepalive_destination_ip": "1.1.1.2",
            "keepalive_flush_timeout": null,
            "keepalive_interval": null,
            "keepalive_precedence_type": null,
            "keepalive_precedence_value": null,
            "keepalive_source_ip": "1.1.1.1",
            "keepalive_timeout": null,
            "keepalive_type_of_service_byte": null,
            "keepalive_type_of_service_configuration_type": null,
            "keepalive_type_of_service_type": null,
            "keepalive_type_of_service_value": null,
            "keepalive_udp_port": null,
            "keepalive_vrf": "vpc",
            "l3_peer_router": "enabled",
            "l3_peer_router_syslog": null,
            "l3_peer_router_syslog_interval": null,
            "mac_bpdu_source_version_2": null,
            "peer_gateway": "enabled",
            "peer_gateway_exclude_vlan": null,
            "peer_ip": null,
            "peer_switch": "enabled",
            "peerlink_admin_state": null,
            "peerlink_description": null,
            "peerlink_interface_id": "po1",
            "role_priority": 10,
            "sys_mac": null,
            "system_priority": null,
            "track": null,
            "virtual_ip": null
          },
          "sensitive_attributes": [],
          "private": "eyJpbXBvcnRpbmciOiJNQT09In0="
        }
      ]
    },
    {
      "module": "module.config-VPC",
      "mode": "managed",
      "type": "nxos_vpc",
      "name": "vpc-sat02",
      "provider": "module.config-VPC.provider[\"registry.terraform.io/ciscodevnet/nxos\"].twe-sat02",
      "instances": [
        {
          "schema_version": 0,
          "attributes": {
            "admin_state": "enabled",
            "auto_recovery": "enabled",
            "auto_recovery_interval": 60,
            "control": null,
            "delay_peer_link_bringup": null,
            "delay_restore_orphan_port": null,
            "delay_restore_svi": null,
            "delay_restore_vpc": null,
            "device": null,
            "domain_admin_state": null,
            "domain_id": 101,
            "dscp": null,
            "exclude_svi": null,
            "fast_convergence": null,
            "graceful_consistency_check": null,
            "id": "sys/vpc",
            "instance_admin_state": null,
            "interfaces": null,
            "keepalive_destination_ip": "1.1.1.1",
            "keepalive_flush_timeout": null,
            "keepalive_interval": null,
            "keepalive_precedence_type": null,
            "keepalive_precedence_value": null,
            "keepalive_source_ip": "1.1.1.2",
            "keepalive_timeout": null,
            "keepalive_type_of_service_byte": null,
            "keepalive_type_of_service_configuration_type": null,
            "keepalive_type_of_service_type": null,
            "keepalive_type_of_service_value": null,
            "keepalive_udp_port": null,
            "keepalive_vrf": "vpc",
            "l3_peer_router": "enabled",
            "l3_peer_router_syslog": null,
            "l3_peer_router_syslog_interval": null,
            "mac_bpdu_source_version_2": null,
            "peer_gateway": "enabled",
            "peer_gateway_exclude_vlan": null,
            "peer_ip": null,
            "peer_switch": "enabled",
            "peerlink_admin_state": null,
            "peerlink_description": null,
            "peerlink_interface_id": "po1",
            "role_priority": 10,
            "sys_mac": null,
            "system_priority": null,
            "track": null,
            "virtual_ip": null
          },
          "sensitive_attributes": [],
          "private": "eyJpbXBvcnRpbmciOiJNQT09In0="
        }
      ]
    },
    {
      "module": "module.config-common-vlans",
      "mode": "managed",
      "type": "nxos_bridge_domain",
      "name": "bd-vlan3010",
      "provider": "module.config-common-vlans.provider[\"registry.terraform.io/ciscodevnet/nxos\"]",
      "instances": [
        {
          "index_key": "twe-sat01",
          "schema_version": 0,
          "attributes": {
            "bridge_domains": {
              "vlan-3010": {
                "access_encap": null,
                "admin_state": null,
                "bridge_domain_state": null,
                "bridge_mode": null,
                "control": null,
                "cross_connect": null,
                "forwarding_control": null,
                "forwarding_mode": null,
                "long_name": null,
                "mac_packet_classify": null,
                "mode": null,
                "name": "vlan-3010",
                "vrf_name": null
              }
            },
            "device": "twe-sat01",
            "id": "sys/bd",
            "svi_autostate": null
          },
          "sensitive_attributes": [],
          "private": "eyJpbXBvcnRpbmciOiJNQT09In0="
        },
        {
          "index_key": "twe-sat02",
          "schema_version": 0,
          "attributes": {
            "bridge_domains": {
              "vlan-3010": {
                "access_encap": null,
                "admin_state": null,
                "bridge_domain_state": null,
                "bridge_mode": null,
                "control": null,
                "cross_connect": null,
                "forwarding_control": null,
                "forwarding_mode": null,
                "long_name": null,
                "mac_packet_classify": null,
                "mode": null,
                "name": "vlan-3010",
                "vrf_name": null
              }
            },
            "device": "twe-sat02",
            "id": "sys/bd",
            "svi_autostate": null
          },
          "sensitive_attributes": [],
          "private": "eyJpbXBvcnRpbmciOiJNQT09In0="
        }
      ]
    },
    {
      "module": "module.config-common-vlans",
      "mode": "managed",
      "type": "nxos_bridge_domain",
      "name": "bd-vlan3020",
      "provider": "module.config-common-vlans.provider[\"registry.terraform.io/ciscodevnet/nxos\"]",
      "instances": [
        {
          "index_key": "twe-sat01",
          "schema_version": 0,
          "attributes": {
            "bridge_domains": {
              "vlan-3020": {
                "access_encap": null,
                "admin_state": null,
                "bridge_domain_state": null,
                "bridge_mode": null,
                "control": null,
                "cross_connect": null,
                "forwarding_control": null,
                "forwarding_mode": null,
                "long_name": null,
                "mac_packet_classify": null,
                "mode": null,
                "name": "vlan-3020",
                "vrf_name": null
              }
            },
            "device": "twe-sat01",
            "id": "sys/bd",
            "svi_autostate": null
          },
          "sensitive_attributes": [],
          "private": "eyJpbXBvcnRpbmciOiJNQT09In0="
        },
        {
          "index_key": "twe-sat02",
          "schema_version": 0,
          "attributes": {
            "bridge_domains": {
              "vlan-3020": {
                "access_encap": null,
                "admin_state": null,
                "bridge_domain_state": null,
                "bridge_mode": null,
                "control": null,
                "cross_connect": null,
                "forwarding_control": null,
                "forwarding_mode": null,
                "long_name": null,
                "mac_packet_classify": null,
                "mode": null,
                "name": "vlan-3020",
                "vrf_name": null
              }
            },
            "device": "twe-sat02",
            "id": "sys/bd",
            "svi_autostate": null
          },
          "sensitive_attributes": [],
          "private": "eyJpbXBvcnRpbmciOiJNQT09In0="
        }
      ]
    },
    {
      "module": "module.config-common-vlans",
      "mode": "managed",
      "type": "nxos_bridge_domain",
      "name": "bd-vlan3030",
      "provider": "module.config-common-vlans.provider[\"registry.terraform.io/ciscodevnet/nxos\"]",
      "instances": [
        {
          "index_key": "twe-sat01",
          "schema_version": 0,
          "attributes": {
            "bridge_domains": {
              "vlan-3030": {
                "access_encap": null,
                "admin_state": null,
                "bridge_domain_state": null,
                "bridge_mode": null,
                "control": null,
                "cross_connect": null,
                "forwarding_control": null,
                "forwarding_mode": null,
                "long_name": null,
                "mac_packet_classify": null,
                "mode": null,
                "name": "vlan-3030",
                "vrf_name": null
              }
            },
            "device": "twe-sat01",
            "id": "sys/bd",
            "svi_autostate": null
          },
          "sensitive_attributes": [],
          "private": "eyJpbXBvcnRpbmciOiJNQT09In0="
        },
        {
          "index_key": "twe-sat02",
          "schema_version": 0,
          "attributes": {
            "bridge_domains": {
              "vlan-3030": {
                "access_encap": null,
                "admin_state": null,
                "bridge_domain_state": null,
                "bridge_mode": null,
                "control": null,
                "cross_connect": null,
                "forwarding_control": null,
                "forwarding_mode": null,
                "long_name": null,
                "mac_packet_classify": null,
                "mode": null,
                "name": "vlan-3030",
                "vrf_name": null
              }
            },
            "device": "twe-sat02",
            "id": "sys/bd",
            "svi_autostate": null
          },
          "sensitive_attributes": [],
          "private": "eyJpbXBvcnRpbmciOiJNQT09In0="
        }
      ]
    },
    {
      "module": "module.config-common-vlans",
      "mode": "managed",
      "type": "nxos_bridge_domain",
      "name": "bd-vlan3060",
      "provider": "module.config-common-vlans.provider[\"registry.terraform.io/ciscodevnet/nxos\"]",
      "instances": [
        {
          "index_key": "twe-sat01",
          "schema_version": 0,
          "attributes": {
            "bridge_domains": {
              "vlan-3060": {
                "access_encap": null,
                "admin_state": null,
                "bridge_domain_state": null,
                "bridge_mode": null,
                "control": null,
                "cross_connect": null,
                "forwarding_control": null,
                "forwarding_mode": null,
                "long_name": null,
                "mac_packet_classify": null,
                "mode": null,
                "name": "vlan-3060",
                "vrf_name": null
              }
            },
            "device": "twe-sat01",
            "id": "sys/bd",
            "svi_autostate": null
          },
          "sensitive_attributes": [],
          "private": "eyJpbXBvcnRpbmciOiJNQT09In0="
        },
        {
          "index_key": "twe-sat02",
          "schema_version": 0,
          "attributes": {
            "bridge_domains": {
              "vlan-3060": {
                "access_encap": null,
                "admin_state": null,
                "bridge_domain_state": null,
                "bridge_mode": null,
                "control": null,
                "cross_connect": null,
                "forwarding_control": null,
                "forwarding_mode": null,
                "long_name": null,
                "mac_packet_classify": null,
                "mode": null,
                "name": "vlan-3060",
                "vrf_name": null
              }
            },
            "device": "twe-sat02",
            "id": "sys/bd",
            "svi_autostate": null
          },
          "sensitive_attributes": [],
          "private": "eyJpbXBvcnRpbmciOiJNQT09In0="
        }
      ]
    },
    {
      "module": "module.config-interfaces",
      "mode": "managed",
      "type": "nxos_loopback_interface",
      "name": "lo101",
      "provider": "module.config-interfaces.provider[\"registry.terraform.io/ciscodevnet/nxos\"]",
      "instances": [
        {
          "index_key": "twe-sat01",
          "schema_version": 0,
          "attributes": {
            "device": "twe-sat01",
            "id": "sys/intf",
            "loopback_interfaces": {
              "lo101": {
                "admin_state": "up",
                "description": "### XX01-Loopback ###",
                "link_logging": null,
                "vrf_dn": "sys/inst-xx01-xx-core"
              }
            }
          },
          "sensitive_attributes": [],
          "private": "eyJpbXBvcnRpbmciOiJNQT09In0="
        },
        {
          "index_key": "twe-sat02",
          "schema_version": 0,
          "attributes": {
            "device": "twe-sat02",
            "id": "sys/intf",
            "loopback_interfaces": {
              "lo101": {
                "admin_state": "up",
                "description": "### XX01-Loopback ###",
                "link_logging": null,
                "vrf_dn": "sys/inst-xx01-xx-core"
              }
            }
          },
          "sensitive_attributes": [],
          "private": "eyJpbXBvcnRpbmciOiJNQT09In0="
        }
      ]
    },
    {
      "module": "module.config-interfaces",
      "mode": "managed",
      "type": "nxos_physical_interface",
      "name": "eth1_4",
      "provider": "module.config-interfaces.provider[\"registry.terraform.io/ciscodevnet/nxos\"]",
      "instances": [
        {
          "index_key": "twe-sat01",
          "schema_version": 0,
          "attributes": {
            "device": "twe-sat01",
            "id": "sys/intf",
            "physical_interfaces": {
              "eth1/4": {
                "access_vlan": null,
                "admin_state": "up",
                "auto_negotiation": null,
                "bandwidth": null,
                "beacon": null,
                "delay": null,
                "description": "PO4_Member",
                "dfe_adaptive_tuning": null,
                "dfe_tuning_delay": null,
                "dot1q_ether_type": null,
                "duplex": null,
                "equalization_delay": null,
                "fec_mode": null,
                "inherit_bandwidth": null,
                "itu_channel": null,
                "layer": null,
                "link_active_jitter_management": null,
                "link_debounce_down": null,
                "link_debounce_up": null,
                "link_flap_error_disable": null,
                "link_flap_error_max": null,
                "link_flap_error_seconds": null,
                "link_logging": null,
                "link_loopback": null,
                "link_mac_up_timer": null,
                "link_max_bring_up_timer": null,
                "link_transmit_reset": null,
                "mdix": null,
                "media_type": null,
                "medium": null,
                "mode": null,
                "mtu": null,
                "native_vlan": null,
                "optics_loopback": null,
                "packet_timestamp_egress_source_id": null,
                "packet_timestamp_ingress_source_id": null,
                "packet_timestamp_state": null,
                "port_type": null,
                "router_mac": null,
                "snmp_trap_state": null,
                "span_mode": null,
                "speed": null,
                "speed_group": null,
                "squelch": null,
                "transparent_mode": null,
                "trunk_logging": null,
                "trunk_vlans": null,
                "uni_directional_ethernet": null,
                "usage": null,
                "user_configured_flags": null,
                "voice_port_cos": null,
                "voice_port_trust": null,
                "voice_vlan_id": null,
                "voice_vlan_type": null,
                "vrf_dn": null
              }
            }
          },
          "sensitive_attributes": [],
          "private": "eyJpbXBvcnRpbmciOiJNQT09In0="
        },
        {
          "index_key": "twe-sat02",
          "schema_version": 0,
          "attributes": {
            "device": "twe-sat02",
            "id": "sys/intf",
            "physical_interfaces": {
              "eth1/4": {
                "access_vlan": null,
                "admin_state": "up",
                "auto_negotiation": null,
                "bandwidth": null,
                "beacon": null,
                "delay": null,
                "description": "PO4_Member",
                "dfe_adaptive_tuning": null,
                "dfe_tuning_delay": null,
                "dot1q_ether_type": null,
                "duplex": null,
                "equalization_delay": null,
                "fec_mode": null,
                "inherit_bandwidth": null,
                "itu_channel": null,
                "layer": null,
                "link_active_jitter_management": null,
                "link_debounce_down": null,
                "link_debounce_up": null,
                "link_flap_error_disable": null,
                "link_flap_error_max": null,
                "link_flap_error_seconds": null,
                "link_logging": null,
                "link_loopback": null,
                "link_mac_up_timer": null,
                "link_max_bring_up_timer": null,
                "link_transmit_reset": null,
                "mdix": null,
                "media_type": null,
                "medium": null,
                "mode": null,
                "mtu": null,
                "native_vlan": null,
                "optics_loopback": null,
                "packet_timestamp_egress_source_id": null,
                "packet_timestamp_ingress_source_id": null,
                "packet_timestamp_state": null,
                "port_type": null,
                "router_mac": null,
                "snmp_trap_state": null,
                "span_mode": null,
                "speed": null,
                "speed_group": null,
                "squelch": null,
                "transparent_mode": null,
                "trunk_logging": null,
                "trunk_vlans": null,
                "uni_directional_ethernet": null,
                "usage": null,
                "user_configured_flags": null,
                "voice_port_cos": null,
                "voice_port_trust": null,
                "voice_vlan_id": null,
                "voice_vlan_type": null,
                "vrf_dn": null
              }
            }
          },
          "sensitive_attributes": [],
          "private": "eyJpbXBvcnRpbmciOiJNQT09In0="
        }
      ]
    },
    {
      "module": "module.config-interfaces",
      "mode": "managed",
      "type": "nxos_port_channel_interface",
      "name": "po-sat01",
      "provider": "module.config-interfaces.provider[\"registry.terraform.io/ciscodevnet/nxos\"].twe-sat01",
      "instances": [
        {
          "schema_version": 0,
          "attributes": {
            "device": null,
            "id": "sys/intf",
            "port_channel_interfaces": {
              "po1": {
                "access_vlan": null,
                "admin_state": "up",
                "auto_negotiation": null,
                "bandwidth": null,
                "delay": null,
                "description": "### vPC peer-link ###",
                "dot1q_ether_type": null,
                "duplex": null,
                "equalization_delay": null,
                "graceful_convergence": null,
                "hash_distribution": null,
                "inherit_bandwidth": null,
                "itu_channel": null,
                "lacp_delay_mode": null,
                "lacp_vpc_convergence": null,
                "layer": "Layer2",
                "link_debounce_down": null,
                "link_logging": null,
                "load_defer": null,
                "maximum_links": null,
                "mdix": null,
                "medium": null,
                "members": {
                  "sys/intf/phys-[eth1/5]": {
                    "force": true
                  },
                  "sys/intf/phys-[eth1/6]": {
                    "force": true
                  }
                },
                "minimum_links": 1,
                "mode": "trunk",
                "mtu": 1500,
                "native_vlan": null,
                "optics_loopback": null,
                "port_channel_mode": "active",
                "port_type": null,
                "pxe_transition_timeout": null,
                "router_mac": null,
                "snmp_trap_state": null,
                "span_mode": null,
                "speed": null,
                "squelch": null,
                "suspend_individual": "disable",
                "transmission_mode": null,
                "trunk_logging": null,
                "trunk_vlans": "1-4094",
                "usage": null,
                "user_configured_flags": null,
                "vrf_dn": null
              },
              "po11": {
                "access_vlan": null,
                "admin_state": "up",
                "auto_negotiation": null,
                "bandwidth": null,
                "delay": null,
                "description": "### TWE 01 to SAT 01 ###",
                "dot1q_ether_type": null,
                "duplex": null,
                "equalization_delay": null,
                "graceful_convergence": null,
                "hash_distribution": null,
                "inherit_bandwidth": null,
                "itu_channel": null,
                "lacp_delay_mode": null,
                "lacp_vpc_convergence": null,
                "layer": "Layer3",
                "link_debounce_down": null,
                "link_logging": null,
                "load_defer": null,
                "maximum_links": null,
                "mdix": null,
                "medium": null,
                "members": {
                  "sys/intf/phys-[eth1/7]": {
                    "force": true
                  }
                },
                "minimum_links": 1,
                "mode": null,
                "mtu": 9216,
                "native_vlan": null,
                "optics_loopback": null,
                "port_channel_mode": "active",
                "port_type": null,
                "pxe_transition_timeout": null,
                "router_mac": null,
                "snmp_trap_state": null,
                "span_mode": null,
                "speed": null,
                "squelch": null,
                "suspend_individual": null,
                "transmission_mode": null,
                "trunk_logging": null,
                "trunk_vlans": null,
                "usage": null,
                "user_configured_flags": null,
                "vrf_dn": null
              },
              "po2": {
                "access_vlan": null,
                "admin_state": "up",
                "auto_negotiation": null,
                "bandwidth": null,
                "delay": null,
                "description": "### TWE Peer Routed Connectivity ###",
                "dot1q_ether_type": null,
                "duplex": null,
                "equalization_delay": null,
                "graceful_convergence": null,
                "hash_distribution": null,
                "inherit_bandwidth": null,
                "itu_channel": null,
                "lacp_delay_mode": null,
                "lacp_vpc_convergence": null,
                "layer": "Layer3",
                "link_debounce_down": null,
                "link_logging": null,
                "load_defer": null,
                "maximum_links": null,
                "mdix": null,
                "medium": null,
                "members": {
                  "sys/intf/phys-[eth1/11]": {
                    "force": true
                  },
                  "sys/intf/phys-[eth1/9]": {
                    "force": true
                  }
                },
                "minimum_links": 1,
                "mode": null,
                "mtu": 9216,
                "native_vlan": null,
                "optics_loopback": null,
                "port_channel_mode": "active",
                "port_type": null,
                "pxe_transition_timeout": null,
                "router_mac": null,
                "snmp_trap_state": null,
                "span_mode": null,
                "speed": null,
                "squelch": null,
                "suspend_individual": null,
                "transmission_mode": null,
                "trunk_logging": null,
                "trunk_vlans": null,
                "usage": null,
                "user_configured_flags": null,
                "vrf_dn": null
              },
              "po21": {
                "access_vlan": null,
                "admin_state": "up",
                "auto_negotiation": null,
                "bandwidth": null,
                "delay": null,
                "description": "### TWE AGG01 to SAT 02 ###",
                "dot1q_ether_type": null,
                "duplex": null,
                "equalization_delay": null,
                "graceful_convergence": null,
                "hash_distribution": null,
                "inherit_bandwidth": null,
                "itu_channel": null,
                "lacp_delay_mode": null,
                "lacp_vpc_convergence": null,
                "layer": "Layer3",
                "link_debounce_down": null,
                "link_logging": null,
                "load_defer": null,
                "maximum_links": null,
                "mdix": null,
                "medium": null,
                "members": {
                  "sys/intf/phys-[eth1/8]": {
                    "force": true
                  }
                },
                "minimum_links": 1,
                "mode": null,
                "mtu": 9216,
                "native_vlan": null,
                "optics_loopback": null,
                "port_channel_mode": "active",
                "port_type": null,
                "pxe_transition_timeout": null,
                "router_mac": null,
                "snmp_trap_state": null,
                "span_mode": null,
                "speed": null,
                "squelch": null,
                "suspend_individual": null,
                "transmission_mode": null,
                "trunk_logging": null,
                "trunk_vlans": null,
                "usage": null,
                "user_configured_flags": null,
                "vrf_dn": null
              },
              "po4": {
                "access_vlan": null,
                "admin_state": "up",
                "auto_negotiation": null,
                "bandwidth": null,
                "delay": null,
                "description": "### VPC Keepalive ###",
                "dot1q_ether_type": null,
                "duplex": null,
                "equalization_delay": null,
                "graceful_convergence": null,
                "hash_distribution": null,
                "inherit_bandwidth": null,
                "itu_channel": null,
                "lacp_delay_mode": null,
                "lacp_vpc_convergence": null,
                "layer": "Layer3",
                "link_debounce_down": null,
                "link_logging": null,
                "load_defer": null,
                "maximum_links": null,
                "mdix": null,
                "medium": null,
                "members": {
                  "sys/intf/phys-[eth1/4]": {
                    "force": true
                  }
                },
                "minimum_links": 1,
                "mode": null,
                "mtu": 9216,
                "native_vlan": null,
                "optics_loopback": null,
                "port_channel_mode": "active",
                "port_type": null,
                "pxe_transition_timeout": null,
                "router_mac": null,
                "snmp_trap_state": null,
                "span_mode": null,
                "speed": null,
                "squelch": null,
                "suspend_individual": null,
                "transmission_mode": null,
                "trunk_logging": null,
                "trunk_vlans": null,
                "usage": null,
                "user_configured_flags": null,
                "vrf_dn": "sys/inst-vpc"
              }
            }
          },
          "sensitive_attributes": [],
          "private": "eyJpbXBvcnRpbmciOiJNQT09In0="
        }
      ]
    },
    {
      "module": "module.config-interfaces",
      "mode": "managed",
      "type": "nxos_port_channel_interface",
      "name": "po-sat02",
      "provider": "module.config-interfaces.provider[\"registry.terraform.io/ciscodevnet/nxos\"].twe-sat02",
      "instances": [
        {
          "schema_version": 0,
          "attributes": {
            "device": null,
            "id": "sys/intf",
            "port_channel_interfaces": {
              "po1": {
                "access_vlan": null,
                "admin_state": "up",
                "auto_negotiation": null,
                "bandwidth": null,
                "delay": null,
                "description": "### vPC peer-link ###",
                "dot1q_ether_type": null,
                "duplex": null,
                "equalization_delay": null,
                "graceful_convergence": null,
                "hash_distribution": null,
                "inherit_bandwidth": null,
                "itu_channel": null,
                "lacp_delay_mode": null,
                "lacp_vpc_convergence": null,
                "layer": "Layer2",
                "link_debounce_down": null,
                "link_logging": null,
                "load_defer": null,
                "maximum_links": null,
                "mdix": null,
                "medium": null,
                "members": {
                  "sys/intf/phys-[eth1/5]": {
                    "force": true
                  },
                  "sys/intf/phys-[eth1/6]": {
                    "force": true
                  }
                },
                "minimum_links": 1,
                "mode": "trunk",
                "mtu": 1500,
                "native_vlan": null,
                "optics_loopback": null,
                "port_channel_mode": "active",
                "port_type": null,
                "pxe_transition_timeout": null,
                "router_mac": null,
                "snmp_trap_state": null,
                "span_mode": null,
                "speed": null,
                "squelch": null,
                "suspend_individual": "disable",
                "transmission_mode": null,
                "trunk_logging": null,
                "trunk_vlans": "1-4094",
                "usage": null,
                "user_configured_flags": null,
                "vrf_dn": null
              },
              "po12": {
                "access_vlan": null,
                "admin_state": "up",
                "auto_negotiation": null,
                "bandwidth": null,
                "delay": null,
                "description": "### TWE 01 to SAT 01 ###",
                "dot1q_ether_type": null,
                "duplex": null,
                "equalization_delay": null,
                "graceful_convergence": null,
                "hash_distribution": null,
                "inherit_bandwidth": null,
                "itu_channel": null,
                "lacp_delay_mode": null,
                "lacp_vpc_convergence": null,
                "layer": "Layer3",
                "link_debounce_down": null,
                "link_logging": null,
                "load_defer": null,
                "maximum_links": null,
                "mdix": null,
                "medium": null,
                "members": {
                  "sys/intf/phys-[eth1/7]": {
                    "force": true
                  }
                },
                "minimum_links": 1,
                "mode": null,
                "mtu": 9216,
                "native_vlan": null,
                "optics_loopback": null,
                "port_channel_mode": "active",
                "port_type": null,
                "pxe_transition_timeout": null,
                "router_mac": null,
                "snmp_trap_state": null,
                "span_mode": null,
                "speed": null,
                "squelch": null,
                "suspend_individual": null,
                "transmission_mode": null,
                "trunk_logging": null,
                "trunk_vlans": null,
                "usage": null,
                "user_configured_flags": null,
                "vrf_dn": null
              },
              "po2": {
                "access_vlan": null,
                "admin_state": "up",
                "auto_negotiation": null,
                "bandwidth": null,
                "delay": null,
                "description": "### TWE Peer Routed Connectivity ###",
                "dot1q_ether_type": null,
                "duplex": null,
                "equalization_delay": null,
                "graceful_convergence": null,
                "hash_distribution": null,
                "inherit_bandwidth": null,
                "itu_channel": null,
                "lacp_delay_mode": null,
                "lacp_vpc_convergence": null,
                "layer": "Layer3",
                "link_debounce_down": null,
                "link_logging": null,
                "load_defer": null,
                "maximum_links": null,
                "mdix": null,
                "medium": null,
                "members": {
                  "sys/intf/phys-[eth1/11]": {
                    "force": true
                  },
                  "sys/intf/phys-[eth1/9]": {
                    "force": true
                  }
                },
                "minimum_links": 1,
                "mode": null,
                "mtu": 9216,
                "native_vlan": null,
                "optics_loopback": null,
                "port_channel_mode": "active",
                "port_type": null,
                "pxe_transition_timeout": null,
                "router_mac": null,
                "snmp_trap_state": null,
                "span_mode": null,
                "speed": null,
                "squelch": null,
                "suspend_individual": null,
                "transmission_mode": null,
                "trunk_logging": null,
                "trunk_vlans": null,
                "usage": null,
                "user_configured_flags": null,
                "vrf_dn": null
              },
              "po22": {
                "access_vlan": null,
                "admin_state": "up",
                "auto_negotiation": null,
                "bandwidth": null,
                "delay": null,
                "description": "### TWE AGG01 to SAT 02 ###",
                "dot1q_ether_type": null,
                "duplex": null,
                "equalization_delay": null,
                "graceful_convergence": null,
                "hash_distribution": null,
                "inherit_bandwidth": null,
                "itu_channel": null,
                "lacp_delay_mode": null,
                "lacp_vpc_convergence": null,
                "layer": "Layer3",
                "link_debounce_down": null,
                "link_logging": null,
                "load_defer": null,
                "maximum_links": null,
                "mdix": null,
                "medium": null,
                "members": {
                  "sys/intf/phys-[eth1/8]": {
                    "force": true
                  }
                },
                "minimum_links": 1,
                "mode": null,
                "mtu": 9216,
                "native_vlan": null,
                "optics_loopback": null,
                "port_channel_mode": "active",
                "port_type": null,
                "pxe_transition_timeout": null,
                "router_mac": null,
                "snmp_trap_state": null,
                "span_mode": null,
                "speed": null,
                "squelch": null,
                "suspend_individual": null,
                "transmission_mode": null,
                "trunk_logging": null,
                "trunk_vlans": null,
                "usage": null,
                "user_configured_flags": null,
                "vrf_dn": null
              },
              "po4": {
                "access_vlan": null,
                "admin_state": "up",
                "auto_negotiation": null,
                "bandwidth": null,
                "delay": null,
                "description": "### VPC Keepalive ###",
                "dot1q_ether_type": null,
                "duplex": null,
                "equalization_delay": null,
                "graceful_convergence": null,
                "hash_distribution": null,
                "inherit_bandwidth": null,
                "itu_channel": null,
                "lacp_delay_mode": null,
                "lacp_vpc_convergence": null,
                "layer": "Layer3",
                "link_debounce_down": null,
                "link_logging": null,
                "load_defer": null,
                "maximum_links": null,
                "mdix": null,
                "medium": null,
                "members": {
                  "sys/intf/phys-[eth1/4]": {
                    "force": true
                  }
                },
                "minimum_links": 1,
                "mode": null,
                "mtu": 9216,
                "native_vlan": null,
                "optics_loopback": null,
                "port_channel_mode": "active",
                "port_type": null,
                "pxe_transition_timeout": null,
                "router_mac": null,
                "snmp_trap_state": null,
                "span_mode": null,
                "speed": null,
                "squelch": null,
                "suspend_individual": null,
                "transmission_mode": null,
                "trunk_logging": null,
                "trunk_vlans": null,
                "usage": null,
                "user_configured_flags": null,
                "vrf_dn": "sys/inst-vpc"
              }
            }
          },
          "sensitive_attributes": [],
          "private": "eyJpbXBvcnRpbmciOiJNQT09In0="
        }
      ]
    },
    {
      "module": "module.config-ipv4-addresses",
      "mode": "managed",
      "type": "nxos_ipv4",
      "name": "sat01",
      "provider": "module.config-ipv4-addresses.provider[\"registry.terraform.io/ciscodevnet/nxos\"].twe-sat01",
      "instances": [
        {
          "schema_version": 0,
          "attributes": {
            "access_list_match_local": null,
            "admin_state": null,
            "control": null,
            "device": null,
            "hardware_ecmp_hash_offset_concatenation": null,
            "hardware_ecmp_hash_offset_value": null,
            "hardware_ecmp_hash_polynomial": null,
            "id": "sys/ipv4",
            "instance_admin_state": null,
            "logging_level": null,
            "redirect_syslog": null,
            "redirect_syslog_interval": null,
            "source_route": null,
            "vrfs": {
              "vpc": {
                "auto_discard": null,
                "icmp_errors_source_interface": null,
                "interfaces": {
                  "po4": {
                    "addresses": {
                      "1.1.1.1/30": {
                        "control": null,
                        "preference": null,
                        "tag": null,
                        "type": null,
                        "use_bia": null,
                        "vpc_peer": null
                      }
                    },
                    "directed_broadcast": null,
                    "directed_broadcast_acl": null,
                    "drop_glean": null,
                    "forward": null,
                    "unnumbered": null,
                    "urpf": null
                  }
                },
                "static_routes": null
              },
              "xx01-xx-core": {
                "auto_discard": null,
                "icmp_errors_source_interface": null,
                "interfaces": {
                  "lo101": {
                    "addresses": {
                      "10.66.127.1/30": {
                        "control": null,
                        "preference": null,
                        "tag": null,
                        "type": null,
                        "use_bia": null,
                        "vpc_peer": null
                      }
                    },
                    "directed_broadcast": null,
                    "directed_broadcast_acl": null,
                    "drop_glean": null,
                    "forward": null,
                    "unnumbered": null,
                    "urpf": null
                  },
                  "po4": {
                    "addresses": {
                      "1.1.1.1/30": {
                        "control": null,
                        "preference": null,
                        "tag": null,
                        "type": null,
                        "use_bia": null,
                        "vpc_peer": null
                      }
                    },
                    "directed_broadcast": null,
                    "directed_broadcast_acl": null,
                    "drop_glean": null,
                    "forward": null,
                    "unnumbered": null,
                    "urpf": null
                  }
                },
                "static_routes": null
              }
            }
          },
          "sensitive_attributes": [],
          "private": "eyJpbXBvcnRpbmciOiJNQT09In0="
        }
      ]
    },
    {
      "module": "module.config-ipv4-addresses",
      "mode": "managed",
      "type": "nxos_ipv4",
      "name": "sat02",
      "provider": "module.config-ipv4-addresses.provider[\"registry.terraform.io/ciscodevnet/nxos\"].twe-sat02",
      "instances": [
        {
          "schema_version": 0,
          "attributes": {
            "access_list_match_local": null,
            "admin_state": null,
            "control": null,
            "device": null,
            "hardware_ecmp_hash_offset_concatenation": null,
            "hardware_ecmp_hash_offset_value": null,
            "hardware_ecmp_hash_polynomial": null,
            "id": "sys/ipv4",
            "instance_admin_state": null,
            "logging_level": null,
            "redirect_syslog": null,
            "redirect_syslog_interval": null,
            "source_route": null,
            "vrfs": {
              "lo101": {
                "auto_discard": null,
                "icmp_errors_source_interface": null,
                "interfaces": null,
                "static_routes": null
              },
              "vpc": {
                "auto_discard": null,
                "icmp_errors_source_interface": null,
                "interfaces": {
                  "po4": {
                    "addresses": {
                      "1.1.1.2/30": {
                        "control": null,
                        "preference": null,
                        "tag": null,
                        "type": null,
                        "use_bia": null,
                        "vpc_peer": null
                      }
                    },
                    "directed_broadcast": null,
                    "directed_broadcast_acl": null,
                    "drop_glean": null,
                    "forward": null,
                    "unnumbered": null,
                    "urpf": null
                  }
                },
                "static_routes": null
              }
            }
          },
          "sensitive_attributes": [],
          "private": "eyJpbXBvcnRpbmciOiJNQT09In0="
        }
      ]
    }
  ],
  "check_results": null
}
