{
  "version": 4,
  "terraform_version": "1.11.3",
  "serial": 15,
  "lineage": "d472a7a0-93cf-5dd0-3ba3-54423785c74e",
  "outputs": {},
  "resources": [
    {
      "mode": "managed",
      "type": "nxos_system",
      "name": "hostname",
      "provider": "provider[\"registry.terraform.io/ciscodevnet/nxos\"]",
      "instances": [
        {
          "index_key": "SAT-01",
          "schema_version": 0,
          "attributes": {
            "device": "SAT-01",
            "id": "sys",
            "name": "SAT-01"
          },
          "sensitive_attributes": [],
          "private": "eyJpbXBvcnRpbmciOiJNQT09In0="
        },
        {
          "index_key": "SAT-02",
          "schema_version": 0,
          "attributes": {
            "device": "SAT-02",
            "id": "sys",
            "name": "SAT-02"
          },
          "sensitive_attributes": [],
          "private": "eyJpbXBvcnRpbmciOiJNQT09In0="
        }
      ]
    },
    {
      "mode": "managed",
      "type": "nxos_vrf",
      "name": "VRF1",
      "provider": "provider[\"registry.terraform.io/ciscodevnet/nxos\"]",
      "instances": [
        {
          "index_key": "SAT-01",
          "schema_version": 0,
          "attributes": {
            "description": "My VRF1 Description",
            "device": "SAT-01",
            "encap": "unknown",
            "id": "sys/inst-[VRF1]",
            "name": "VRF1"
          },
          "sensitive_attributes": [],
          "private": "eyJpbXBvcnRpbmciOiJNQT09In0="
        },
        {
          "index_key": "SAT-02",
          "schema_version": 0,
          "attributes": {
            "description": "My VRF1 Description",
            "device": "SAT-02",
            "encap": "unknown",
            "id": "sys/inst-[VRF1]",
            "name": "VRF1"
          },
          "sensitive_attributes": [],
          "private": "eyJpbXBvcnRpbmciOiJNQT09In0="
        }
      ]
    }
  ],
  "check_results": null
}
